
Microsoft Visual Studio Solution File, Format Version 12.00
# Visual Studio Version 16
VisualStudioVersion = 16.0.31424.327
MinimumVisualStudioVersion = 10.0.40219.1
Project("{FAE04EC0-301F-11D3-BF4B-00C04F79EFBC}") = "Visualization3D", "Visualization3D\Visualization3D.csproj", "{BD6C95A2-CCF1-458F-BF97-1A2200851AE5}"
EndProject
Global
	GlobalSection(SolutionConfigurationPlatforms) = preSolution
		Debug|Any CPU = Debug|Any CPU
		Release|Any CPU = Release|Any CPU
	EndGlobalSection
	GlobalSection(ProjectConfigurationPlatforms) = postSolution
		{BD6C95A2-CCF1-458F-BF97-1A2200851AE5}.Debug|Any CPU.ActiveCfg = Debug|Any CPU
		{BD6C95A2-CCF1-458F-BF97-1A2200851AE5}.Debug|Any CPU.Build.0 = Debug|Any CPU
		{BD6C95A2-CCF1-458F-BF97-1A2200851AE5}.Release|Any CPU.ActiveCfg = Release|Any CPU
		{BD6C95A2-CCF1-458F-BF97-1A2200851AE5}.Release|Any CPU.Build.0 = Release|Any CPU
	EndGlobalSection
	GlobalSection(SolutionProperties) = preSolution
		HideSolutionNode = FALSE
	EndGlobalSection
	GlobalSection(ExtensibilityGlobals) = postSolution
		SolutionGuid = {0499271B-D60A-4043-87FF-C270692E00BA}
	EndGlobalSection
EndGlobal
